
Microsoft Visual Studio Solution File, Format Version 12.00
# Visual Studio Version 17
VisualStudioVersion = 17.6.33829.357
MinimumVisualStudioVersion = 10.0.40219.1
Project("{FAE04EC0-301F-11D3-BF4B-00C04F79EFBC}") = "OnlineShop", "OnlineShop\OnlineShop.csproj", "{C5F9968B-9E1C-445B-B005-C1BCD73BAF3C}"
EndProject
Global
	GlobalSection(SolutionConfigurationPlatforms) = preSolution
		Debug|Any CPU = Debug|Any CPU
		Release|Any CPU = Release|Any CPU
	EndGlobalSection
	GlobalSection(ProjectConfigurationPlatforms) = postSolution
		{C5F9968B-9E1C-445B-B005-C1BCD73BAF3C}.Debug|Any CPU.ActiveCfg = Debug|Any CPU
		{C5F9968B-9E1C-445B-B005-C1BCD73BAF3C}.Debug|Any CPU.Build.0 = Debug|Any CPU
		{C5F9968B-9E1C-445B-B005-C1BCD73BAF3C}.Release|Any CPU.ActiveCfg = Release|Any CPU
		{C5F9968B-9E1C-445B-B005-C1BCD73BAF3C}.Release|Any CPU.Build.0 = Release|Any CPU
	EndGlobalSection
	GlobalSection(SolutionProperties) = preSolution
		HideSolutionNode = FALSE
	EndGlobalSection
	GlobalSection(ExtensibilityGlobals) = postSolution
		SolutionGuid = {375AE283-B65C-4DEB-ACE2-2E01C9EB53EE}
	EndGlobalSection
EndGlobal
